PODS:
  - Reusable (4.1.1):
    - Reusable/Storyboard (= 4.1.1)
    - Reusable/View (= 4.1.1)
  - Reusable/Storyboard (4.1.1)
  - Reusable/View (4.1.1)

DEPENDENCIES:
  - Reusable (~> 4.1.1)

SPEC REPOS:
  trunk:
    - Reusable

SPEC CHECKSUMS:
  Reusable: 53a9acf5c536f229b31b5865782414b508252ddb

PODFILE CHECKSUM: 6bf1bff70dfacb7700f2f245b7fc0118dfd3f64e

COCOAPODS: 1.9.3
