// !$*UTF8*$!
{
	archiveVersion = 1;
	classes = {
	};
	objectVersion = 51;
	objects = {

/* Begin PBXBuildFile section */
		7A670DA02B78F7D9381312B8 /* Pods_test.framework in Frameworks */ = {isa = PBXBuildFile; fileRef = 88D72C32AB62584A92977520 /* Pods_test.framework */; };
		B1C7ECC515DA2DAE2EA7954C /* Pods_testTests.framework in Frameworks */ = {isa = PBXBuildFile; fileRef = 855CCC86BF00B5FE93CC5C05 /* Pods_testTests.framework */; };
		C6B5469E251245A700626DA9 /* AppDelegate.swift in Sources */ = {isa = PBXBuildFile; fileRef = C6B5469D251245A700626DA9 /* AppDelegate.swift */; };
		C6B546A0251245A700626DA9 /* SceneDelegate.swift in Sources */ = {isa = PBXBuildFile; fileRef = C6B5469F251245A700626DA9 /* SceneDelegate.swift */; };
		C6B546A2251245A700626DA9 /* ViewController.swift in Sources */ = {isa = PBXBuildFile; fileRef = C6B546A1251245A700626DA9 /* ViewController.swift */; };
		C6B546A5251245A700626DA9 /* Main.storyboard in Resources */ = {isa = PBXBuildFile; fileRef = C6B546A3251245A700626DA9 /* Main.storyboard */; };
		C6B546A7251245A900626DA9 /* Assets.xcassets in Resources */ = {isa = PBXBuildFile; fileRef = C6B546A6251245A900626DA9 /* Assets.xcassets */; };
		C6B546AA251245A900626DA9 /* LaunchScreen.storyboard in Resources */ = {isa = PBXBuildFile; fileRef = C6B546A8251245A900626DA9 /* LaunchScreen.storyboard */; };
		C6B546B5251245A900626DA9 /* testTests.swift in Sources */ = {isa = PBXBuildFile; fileRef = C6B546B4251245A900626DA9 /* testTests.swift */; };
		C6B546C0251245A900626DA9 /* testUITests.swift in Sources */ = {isa = PBXBuildFile; fileRef = C6B546BF251245A900626DA9 /* testUITests.swift */; };
		C6B546D42512463500626DA9 /* ViewController2.storyboard in Resources */ = {isa = PBXBuildFile; fileRef = C6B546D32512463500626DA9 /* ViewController2.storyboard */; };
		C6B546D62512466500626DA9 /* ViewController2.swift in Sources */ = {isa = PBXBuildFile; fileRef = C6B546D52512466500626DA9 /* ViewController2.swift */; };
		C6B546EC2512480000626DA9 /* extension+ViewController.swift in Sources */ = {isa = PBXBuildFile; fileRef = C6B546EB2512480000626DA9 /* extension+ViewController.swift */; };
		E48F05060B910FA1272827F5 /* Pods_test_testUITests.framework in Frameworks */ = {isa = PBXBuildFile; fileRef = D624BFC60804606F9A5ED5C4 /* Pods_test_testUITests.framework */; };
/* End PBXBuildFile section */

/* Begin PBXContainerItemProxy section */
		C6B546B1251245A900626DA9 /* PBXContainerItemProxy */ = {
			isa = PBXContainerItemProxy;
			containerPortal = C6B54692251245A700626DA9 /* Project object */;
			proxyType = 1;
			remoteGlobalIDString = C6B54699251245A700626DA9;
			remoteInfo = test;
		};
		C6B546BC251245A900626DA9 /* PBXContainerItemProxy */ = {
			isa = PBXContainerItemProxy;
			containerPortal = C6B54692251245A700626DA9 /* Project object */;
			proxyType = 1;
			remoteGlobalIDString = C6B54699251245A700626DA9;
			remoteInfo = test;
		};
/* End PBXContainerItemProxy section */

/* Begin PBXFileReference section */
		0DEE1253C74FB7BB1FEF6EA6 /* Pods-test-testUITests.release.xcconfig */ = {isa = PBXFileReference; includeInIndex = 1; lastKnownFileType = text.xcconfig; name = "Pods-test-testUITests.release.xcconfig"; path = "Target Support Files/Pods-test-testUITests/Pods-test-testUITests.release.xcconfig"; sourceTree = "<group>"; };
		50124E828EA263D056BF418D /* Pods-testTests.release.xcconfig */ = {isa = PBXFileReference; includeInIndex = 1; lastKnownFileType = text.xcconfig; name = "Pods-testTests.release.xcconfig"; path = "Target Support Files/Pods-testTests/Pods-testTests.release.xcconfig"; sourceTree = "<group>"; };
		519AE482765574B108C78603 /* Pods-test-testUITests.debug.xcconfig */ = {isa = PBXFileReference; includeInIndex = 1; lastKnownFileType = text.xcconfig; name = "Pods-test-testUITests.debug.xcconfig"; path = "Target Support Files/Pods-test-testUITests/Pods-test-testUITests.debug.xcconfig"; sourceTree = "<group>"; };
		7C610D769A85983F0E47F248 /* Pods-test.release.xcconfig */ = {isa = PBXFileReference; includeInIndex = 1; lastKnownFileType = text.xcconfig; name = "Pods-test.release.xcconfig"; path = "Target Support Files/Pods-test/Pods-test.release.xcconfig"; sourceTree = "<group>"; };
		855CCC86BF00B5FE93CC5C05 /* Pods_testTests.framework */ = {isa = PBXFileReference; explicitFileType = wrapper.framework; includeInIndex = 0; path = Pods_testTests.framework; sourceTree = BUILT_PRODUCTS_DIR; };
		88D72C32AB62584A92977520 /* Pods_test.framework */ = {isa = PBXFileReference; explicitFileType = wrapper.framework; includeInIndex = 0; path = Pods_test.framework; sourceTree = BUILT_PRODUCTS_DIR; };
		C6B5469A251245A700626DA9 /* test.app */ = {isa = PBXFileReference; explicitFileType = wrapper.application; includeInIndex = 0; path = test.app; sourceTree = BUILT_PRODUCTS_DIR; };
		C6B5469D251245A700626DA9 /* AppDelegate.swift */ = {isa = PBXFileReference; lastKnownFileType = sourcecode.swift; path = AppDelegate.swift; sourceTree = "<group>"; };
		C6B5469F251245A700626DA9 /* SceneDelegate.swift */ = {isa = PBXFileReference; lastKnownFileType = sourcecode.swift; path = SceneDelegate.swift; sourceTree = "<group>"; };
		C6B546A1251245A700626DA9 /* ViewController.swift */ = {isa = PBXFileReference; lastKnownFileType = sourcecode.swift; path = ViewController.swift; sourceTree = "<group>"; };
		C6B546A4251245A700626DA9 /* Base */ = {isa = PBXFileReference; lastKnownFileType = file.storyboard; name = Base; path = Base.lproj/Main.storyboard; sourceTree = "<group>"; };
		C6B546A6251245A900626DA9 /* Assets.xcassets */ = {isa = PBXFileReference; lastKnownFileType = folder.assetcatalog; path = Assets.xcassets; sourceTree = "<group>"; };
		C6B546A9251245A900626DA9 /* Base */ = {isa = PBXFileReference; lastKnownFileType = file.storyboard; name = Base; path = Base.lproj/LaunchScreen.storyboard; sourceTree = "<group>"; };
		C6B546AB251245A900626DA9 /* Info.plist */ = {isa = PBXFileReference; lastKnownFileType = text.plist.xml; path = Info.plist; sourceTree = "<group>"; };
		C6B546B0251245A900626DA9 /* testTests.xctest */ = {isa = PBXFileReference; explicitFileType = wrapper.cfbundle; includeInIndex = 0; path = testTests.xctest; sourceTree = BUILT_PRODUCTS_DIR; };
		C6B546B4251245A900626DA9 /* testTests.swift */ = {isa = PBXFileReference; lastKnownFileType = sourcecode.swift; path = testTests.swift; sourceTree = "<group>"; };
		C6B546B6251245A900626DA9 /* Info.plist */ = {isa = PBXFileReference; lastKnownFileType = text.plist.xml; path = Info.plist; sourceTree = "<group>"; };
		C6B546BB251245A900626DA9 /* testUITests.xctest */ = {isa = PBXFileReference; explicitFileType = wrapper.cfbundle; includeInIndex = 0; path = testUITests.xctest; sourceTree = BUILT_PRODUCTS_DIR; };
		C6B546BF251245A900626DA9 /* testUITests.swift */ = {isa = PBXFileReference; lastKnownFileType = sourcecode.swift; path = testUITests.swift; sourceTree = "<group>"; };
		C6B546C1251245A900626DA9 /* Info.plist */ = {isa = PBXFileReference; lastKnownFileType = text.plist.xml; path = Info.plist; sourceTree = "<group>"; };
		C6B546D32512463500626DA9 /* ViewController2.storyboard */ = {isa = PBXFileReference; lastKnownFileType = file.storyboard; path = ViewController2.storyboard; sourceTree = "<group>"; };
		C6B546D52512466500626DA9 /* ViewController2.swift */ = {isa = PBXFileReference; lastKnownFileType = sourcecode.swift; path = ViewController2.swift; sourceTree = "<group>"; };
		C6B546EB2512480000626DA9 /* extension+ViewController.swift */ = {isa = PBXFileReference; lastKnownFileType = sourcecode.swift; path = "extension+ViewController.swift"; sourceTree = "<group>"; };
		CE1CB0C620E73F0126FA278F /* Pods-testTests.debug.xcconfig */ = {isa = PBXFileReference; includeInIndex = 1; lastKnownFileType = text.xcconfig; name = "Pods-testTests.debug.xcconfig"; path = "Target Support Files/Pods-testTests/Pods-testTests.debug.xcconfig"; sourceTree = "<group>"; };
		D624BFC60804606F9A5ED5C4 /* Pods_test_testUITests.framework */ = {isa = PBXFileReference; explicitFileType = wrapper.framework; includeInIndex = 0; path = Pods_test_testUITests.framework; sourceTree = BUILT_PRODUCTS_DIR; };
		FC6737427D35AA723ACCFBB0 /* Pods-test.debug.xcconfig */ = {isa = PBXFileReference; includeInIndex = 1; lastKnownFileType = text.xcconfig; name = "Pods-test.debug.xcconfig"; path = "Target Support Files/Pods-test/Pods-test.debug.xcconfig"; sourceTree = "<group>"; };
/* End PBXFileReference section */

/* Begin PBXFrameworksBuildPhase section */
		C6B54697251245A700626DA9 /* Frameworks */ = {
			isa = PBXFrameworksBuildPhase;
			buildActionMask = 2147483647;
			files = (
				7A670DA02B78F7D9381312B8 /* Pods_test.framework in Frameworks */,
			);
			runOnlyForDeploymentPostprocessing = 0;
		};
		C6B546AD251245A900626DA9 /* Frameworks */ = {
			isa = PBXFrameworksBuildPhase;
			buildActionMask = 2147483647;
			files = (
				B1C7ECC515DA2DAE2EA7954C /* Pods_testTests.framework in Frameworks */,
			);
			runOnlyForDeploymentPostprocessing = 0;
		};
		C6B546B8251245A900626DA9 /* Frameworks */ = {
			isa = PBXFrameworksBuildPhase;
			buildActionMask = 2147483647;
			files = (
				E48F05060B910FA1272827F5 /* Pods_test_testUITests.framework in Frameworks */,
			);
			runOnlyForDeploymentPostprocessing = 0;
		};
/* End PBXFrameworksBuildPhase section */

/* Begin PBXGroup section */
		79DE03245D9E351CA10B962D /* Frameworks */ = {
			isa = PBXGroup;
			children = (
				88D72C32AB62584A92977520 /* Pods_test.framework */,
				D624BFC60804606F9A5ED5C4 /* Pods_test_testUITests.framework */,
				855CCC86BF00B5FE93CC5C05 /* Pods_testTests.framework */,
			);
			name = Frameworks;
			sourceTree = "<group>";
		};
		AB6C236B9878B9129A99F788 /* Pods */ = {
			isa = PBXGroup;
			children = (
				FC6737427D35AA723ACCFBB0 /* Pods-test.debug.xcconfig */,
				7C610D769A85983F0E47F248 /* Pods-test.release.xcconfig */,
				519AE482765574B108C78603 /* Pods-test-testUITests.debug.xcconfig */,
				0DEE1253C74FB7BB1FEF6EA6 /* Pods-test-testUITests.release.xcconfig */,
				CE1CB0C620E73F0126FA278F /* Pods-testTests.debug.xcconfig */,
				50124E828EA263D056BF418D /* Pods-testTests.release.xcconfig */,
			);
			path = Pods;
			sourceTree = "<group>";
		};
		C6B54691251245A700626DA9 = {
			isa = PBXGroup;
			children = (
				C6B5469C251245A700626DA9 /* test */,
				C6B546B3251245A900626DA9 /* testTests */,
				C6B546BE251245A900626DA9 /* testUITests */,
				C6B5469B251245A700626DA9 /* Products */,
				AB6C236B9878B9129A99F788 /* Pods */,
				79DE03245D9E351CA10B962D /* Frameworks */,
			);
			sourceTree = "<group>";
		};
		C6B5469B251245A700626DA9 /* Products */ = {
			isa = PBXGroup;
			children = (
				C6B5469A251245A700626DA9 /* test.app */,
				C6B546B0251245A900626DA9 /* testTests.xctest */,
				C6B546BB251245A900626DA9 /* testUITests.xctest */,
			);
			name = Products;
			sourceTree = "<group>";
		};
		C6B5469C251245A700626DA9 /* test */ = {
			isa = PBXGroup;
			children = (
				C6B5469D251245A700626DA9 /* AppDelegate.swift */,
				C6B5469F251245A700626DA9 /* SceneDelegate.swift */,
				C6B546A1251245A700626DA9 /* ViewController.swift */,
				C6B546A3251245A700626DA9 /* Main.storyboard */,
				C6B546A6251245A900626DA9 /* Assets.xcassets */,
				C6B546D32512463500626DA9 /* ViewController2.storyboard */,
				C6B546D52512466500626DA9 /* ViewController2.swift */,
				C6B546A8251245A900626DA9 /* LaunchScreen.storyboard */,
				C6B546AB251245A900626DA9 /* Info.plist */,
				C6B546EB2512480000626DA9 /* extension+ViewController.swift */,
			);
			path = test;
			sourceTree = "<group>";
		};
		C6B546B3251245A900626DA9 /* testTests */ = {
			isa = PBXGroup;
			children = (
				C6B546B4251245A900626DA9 /* testTests.swift */,
				C6B546B6251245A900626DA9 /* Info.plist */,
			);
			path = testTests;
			sourceTree = "<group>";
		};
		C6B546BE251245A900626DA9 /* testUITests */ = {
			isa = PBXGroup;
			children = (
				C6B546BF251245A900626DA9 /* testUITests.swift */,
				C6B546C1251245A900626DA9 /* Info.plist */,
			);
			path = testUITests;
			sourceTree = "<group>";
		};
/* End PBXGroup section */

/* Begin PBXNativeTarget section */
		C6B54699251245A700626DA9 /* test */ = {
			isa = PBXNativeTarget;
			buildConfigurationList = C6B546C4251245A900626DA9 /* Build configuration list for PBXNativeTarget "test" */;
			buildPhases = (
				CBD60312E238985DBF281EA6 /* [CP] Check Pods Manifest.lock */,
				C6B54696251245A700626DA9 /* Sources */,
				C6B54697251245A700626DA9 /* Frameworks */,
				C6B54698251245A700626DA9 /* Resources */,
				B7EF767FDC9ED738976E302E /* [CP] Embed Pods Frameworks */,
			);
			buildRules = (
			);
			dependencies = (
			);
			name = test;
			productName = test;
			productReference = C6B5469A251245A700626DA9 /* test.app */;
			productType = "com.apple.product-type.application";
		};
		C6B546AF251245A900626DA9 /* testTests */ = {
			isa = PBXNativeTarget;
			buildConfigurationList = C6B546C7251245A900626DA9 /* Build configuration list for PBXNativeTarget "testTests" */;
			buildPhases = (
				E8AEFDEB6ECEEB9C6887F2AE /* [CP] Check Pods Manifest.lock */,
				C6B546AC251245A900626DA9 /* Sources */,
				C6B546AD251245A900626DA9 /* Frameworks */,
				C6B546AE251245A900626DA9 /* Resources */,
			);
			buildRules = (
			);
			dependencies = (
				C6B546B2251245A900626DA9 /* PBXTargetDependency */,
			);
			name = testTests;
			productName = testTests;
			productReference = C6B546B0251245A900626DA9 /* testTests.xctest */;
			productType = "com.apple.product-type.bundle.unit-test";
		};
		C6B546BA251245A900626DA9 /* testUITests */ = {
			isa = PBXNativeTarget;
			buildConfigurationList = C6B546CA251245A900626DA9 /* Build configuration list for PBXNativeTarget "testUITests" */;
			buildPhases = (
				44890A088C1E3CA73384B025 /* [CP] Check Pods Manifest.lock */,
				C6B546B7251245A900626DA9 /* Sources */,
				C6B546B8251245A900626DA9 /* Frameworks */,
				C6B546B9251245A900626DA9 /* Resources */,
				B972AB629F007BCA06672065 /* [CP] Embed Pods Frameworks */,
			);
			buildRules = (
			);
			dependencies = (
				C6B546BD251245A900626DA9 /* PBXTargetDependency */,
			);
			name = testUITests;
			productName = testUITests;
			productReference = C6B546BB251245A900626DA9 /* testUITests.xctest */;
			productType = "com.apple.product-type.bundle.ui-testing";
		};
/* End PBXNativeTarget section */

/* Begin PBXProject section */
		C6B54692251245A700626DA9 /* Project object */ = {
			isa = PBXProject;
			attributes = {
				LastSwiftUpdateCheck = 1160;
				LastUpgradeCheck = 1160;
				ORGANIZATIONNAME = lucasam;
				TargetAttributes = {
					C6B54699251245A700626DA9 = {
						CreatedOnToolsVersion = 11.6;
					};
					C6B546AF251245A900626DA9 = {
						CreatedOnToolsVersion = 11.6;
						TestTargetID = C6B54699251245A700626DA9;
					};
					C6B546BA251245A900626DA9 = {
						CreatedOnToolsVersion = 11.6;
						TestTargetID = C6B54699251245A700626DA9;
					};
				};
			};
			buildConfigurationList = C6B54695251245A700626DA9 /* Build configuration list for PBXProject "test" */;
			compatibilityVersion = "Xcode 9.3";
			developmentRegion = en;
			hasScannedForEncodings = 0;
			knownRegions = (
				en,
				Base,
			);
			mainGroup = C6B54691251245A700626DA9;
			productRefGroup = C6B5469B251245A700626DA9 /* Products */;
			projectDirPath = "";
			projectRoot = "";
			targets = (
				C6B54699251245A700626DA9 /* test */,
				C6B546AF251245A900626DA9 /* testTests */,
				C6B546BA251245A900626DA9 /* testUITests */,
			);
		};
/* End PBXProject section */

/* Begin PBXResourcesBuildPhase section */
		C6B54698251245A700626DA9 /* Resources */ = {
			isa = PBXResourcesBuildPhase;
			buildActionMask = 2147483647;
			files = (
				C6B546AA251245A900626DA9 /* LaunchScreen.storyboard in Resources */,
				C6B546A7251245A900626DA9 /* Assets.xcassets in Resources */,
				C6B546A5251245A700626DA9 /* Main.storyboard in Resources */,
				C6B546D42512463500626DA9 /* ViewController2.storyboard in Resources */,
			);
			runOnlyForDeploymentPostprocessing = 0;
		};
		C6B546AE251245A900626DA9 /* Resources */ = {
			isa = PBXResourcesBuildPhase;
			buildActionMask = 2147483647;
			files = (
			);
			runOnlyForDeploymentPostprocessing = 0;
		};
		C6B546B9251245A900626DA9 /* Resources */ = {
			isa = PBXResourcesBuildPhase;
			buildActionMask = 2147483647;
			files = (
			);
			runOnlyForDeploymentPostprocessing = 0;
		};
/* End PBXResourcesBuildPhase section */

/* Begin PBXShellScriptBuildPhase section */
		44890A088C1E3CA73384B025 /* [CP] Check Pods Manifest.lock */ = {
			isa = PBXShellScriptBuildPhase;
			buildActionMask = 2147483647;
			files = (
			);
			inputFileListPaths = (
			);
			inputPaths = (
				"${PODS_PODFILE_DIR_PATH}/Podfile.lock",
				"${PODS_ROOT}/Manifest.lock",
			);
			name = "[CP] Check Pods Manifest.lock";
			outputFileListPaths = (
			);
			outputPaths = (
				"$(DERIVED_FILE_DIR)/Pods-test-testUITests-checkManifestLockResult.txt",
			);
			runOnlyForDeploymentPostprocessing = 0;
			shellPath = /bin/sh;
			shellScript = "diff \"${PODS_PODFILE_DIR_PATH}/Podfile.lock\" \"${PODS_ROOT}/Manifest.lock\" > /dev/null\nif [ $? != 0 ] ; then\n    # print error to STDERR\n    echo \"error: The sandbox is not in sync with the Podfile.lock. Run 'pod install' or update your CocoaPods installation.\" >&2\n    exit 1\nfi\n# This output is used by Xcode 'outputs' to avoid re-running this script phase.\necho \"SUCCESS\" > \"${SCRIPT_OUTPUT_FILE_0}\"\n";
			showEnvVarsInLog = 0;
		};
		B7EF767FDC9ED738976E302E /* [CP] Embed Pods Frameworks */ = {
			isa = PBXShellScriptBuildPhase;
			buildActionMask = 2147483647;
			files = (
			);
			inputFileListPaths = (
				"${PODS_ROOT}/Target Support Files/Pods-test/Pods-test-frameworks-${CONFIGURATION}-input-files.xcfilelist",
			);
			name = "[CP] Embed Pods Frameworks";
			outputFileListPaths = (
				"${PODS_ROOT}/Target Support Files/Pods-test/Pods-test-frameworks-${CONFIGURATION}-output-files.xcfilelist",
			);
			runOnlyForDeploymentPostprocessing = 0;
			shellPath = /bin/sh;
			shellScript = "\"${PODS_ROOT}/Target Support Files/Pods-test/Pods-test-frameworks.sh\"\n";
			showEnvVarsInLog = 0;
		};
		B972AB629F007BCA06672065 /* [CP] Embed Pods Frameworks */ = {
			isa = PBXShellScriptBuildPhase;
			buildActionMask = 2147483647;
			files = (
			);
			inputFileListPaths = (
				"${PODS_ROOT}/Target Support Files/Pods-test-testUITests/Pods-test-testUITests-frameworks-${CONFIGURATION}-input-files.xcfilelist",
			);
			name = "[CP] Embed Pods Frameworks";
			outputFileListPaths = (
				"${PODS_ROOT}/Target Support Files/Pods-test-testUITests/Pods-test-testUITests-frameworks-${CONFIGURATION}-output-files.xcfilelist",
			);
			runOnlyForDeploymentPostprocessing = 0;
			shellPath = /bin/sh;
			shellScript = "\"${PODS_ROOT}/Target Support Files/Pods-test-testUITests/Pods-test-testUITests-frameworks.sh\"\n";
			showEnvVarsInLog = 0;
		};
		CBD60312E238985DBF281EA6 /* [CP] Check Pods Manifest.lock */ = {
			isa = PBXShellScriptBuildPhase;
			buildActionMask = 2147483647;
			files = (
			);
			inputFileListPaths = (
			);
			inputPaths = (
				"${PODS_PODFILE_DIR_PATH}/Podfile.lock",
				"${PODS_ROOT}/Manifest.lock",
			);
			name = "[CP] Check Pods Manifest.lock";
			outputFileListPaths = (
			);
			outputPaths = (
				"$(DERIVED_FILE_DIR)/Pods-test-checkManifestLockResult.txt",
			);
			runOnlyForDeploymentPostprocessing = 0;
			shellPath = /bin/sh;
			shellScript = "diff \"${PODS_PODFILE_DIR_PATH}/Podfile.lock\" \"${PODS_ROOT}/Manifest.lock\" > /dev/null\nif [ $? != 0 ] ; then\n    # print error to STDERR\n    echo \"error: The sandbox is not in sync with the Podfile.lock. Run 'pod install' or update your CocoaPods installation.\" >&2\n    exit 1\nfi\n# This output is used by Xcode 'outputs' to avoid re-running this script phase.\necho \"SUCCESS\" > \"${SCRIPT_OUTPUT_FILE_0}\"\n";
			showEnvVarsInLog = 0;
		};
		E8AEFDEB6ECEEB9C6887F2AE /* [CP] Check Pods Manifest.lock */ = {
			isa = PBXShellScriptBuildPhase;
			buildActionMask = 2147483647;
			files = (
			);
			inputFileListPaths = (
			);
			inputPaths = (
				"${PODS_PODFILE_DIR_PATH}/Podfile.lock",
				"${PODS_ROOT}/Manifest.lock",
			);
			name = "[CP] Check Pods Manifest.lock";
			outputFileListPaths = (
			);
			outputPaths = (
				"$(DERIVED_FILE_DIR)/Pods-testTests-checkManifestLockResult.txt",
			);
			runOnlyForDeploymentPostprocessing = 0;
			shellPath = /bin/sh;
			shellScript = "diff \"${PODS_PODFILE_DIR_PATH}/Podfile.lock\" \"${PODS_ROOT}/Manifest.lock\" > /dev/null\nif [ $? != 0 ] ; then\n    # print error to STDERR\n    echo \"error: The sandbox is not in sync with the Podfile.lock. Run 'pod install' or update your CocoaPods installation.\" >&2\n    exit 1\nfi\n# This output is used by Xcode 'outputs' to avoid re-running this script phase.\necho \"SUCCESS\" > \"${SCRIPT_OUTPUT_FILE_0}\"\n";
			showEnvVarsInLog = 0;
		};
/* End PBXShellScriptBuildPhase section */

/* Begin PBXSourcesBuildPhase section */
		C6B54696251245A700626DA9 /* Sources */ = {
			isa = PBXSourcesBuildPhase;
			buildActionMask = 2147483647;
			files = (
				C6B546A2251245A700626DA9 /* ViewController.swift in Sources */,
				C6B546D62512466500626DA9 /* ViewController2.swift in Sources */,
				C6B546EC2512480000626DA9 /* extension+ViewController.swift in Sources */,
				C6B5469E251245A700626DA9 /* AppDelegate.swift in Sources */,
				C6B546A0251245A700626DA9 /* SceneDelegate.swift in Sources */,
			);
			runOnlyForDeploymentPostprocessing = 0;
		};
		C6B546AC251245A900626DA9 /* Sources */ = {
			isa = PBXSourcesBuildPhase;
			buildActionMask = 2147483647;
			files = (
				C6B546B5251245A900626DA9 /* testTests.swift in Sources */,
			);
			runOnlyForDeploymentPostprocessing = 0;
		};
		C6B546B7251245A900626DA9 /* Sources */ = {
			isa = PBXSourcesBuildPhase;
			buildActionMask = 2147483647;
			files = (
				C6B546C0251245A900626DA9 /* testUITests.swift in Sources */,
			);
			runOnlyForDeploymentPostprocessing = 0;
		};
/* End PBXSourcesBuildPhase section */

/* Begin PBXTargetDependency section */
		C6B546B2251245A900626DA9 /* PBXTargetDependency */ = {
			isa = PBXTargetDependency;
			target = C6B54699251245A700626DA9 /* test */;
			targetProxy = C6B546B1251245A900626DA9 /* PBXContainerItemProxy */;
		};
		C6B546BD251245A900626DA9 /* PBXTargetDependency */ = {
			isa = PBXTargetDependency;
			target = C6B54699251245A700626DA9 /* test */;
			targetProxy = C6B546BC251245A900626DA9 /* PBXContainerItemProxy */;
		};
/* End PBXTargetDependency section */

/* Begin PBXVariantGroup section */
		C6B546A3251245A700626DA9 /* Main.storyboard */ = {
			isa = PBXVariantGroup;
			children = (
				C6B546A4251245A700626DA9 /* Base */,
			);
			name = Main.storyboard;
			sourceTree = "<group>";
		};
		C6B546A8251245A900626DA9 /* LaunchScreen.storyboard */ = {
			isa = PBXVariantGroup;
			children = (
				C6B546A9251245A900626DA9 /* Base */,
			);
			name = LaunchScreen.storyboard;
			sourceTree = "<group>";
		};
/* End PBXVariantGroup section */

/* Begin XCBuildConfiguration section */
		C6B546C2251245A900626DA9 /* Debug */ = {
			isa = XCBuildConfiguration;
			buildSettings = {
				ALWAYS_SEARCH_USER_PATHS = NO;
				CLANG_ANALYZER_NONNULL = YES;
				CLANG_ANALYZER_NUMBER_OBJECT_CONVERSION = YES_AGGRESSIVE;
				CLANG_CXX_LANGUAGE_STANDARD = "gnu++14";
				CLANG_CXX_LIBRARY = "libc++";
				CLANG_ENABLE_MODULES = YES;
				CLANG_ENABLE_OBJC_ARC = YES;
				CLANG_ENABLE_OBJC_WEAK = YES;
				CLANG_WARN_BLOCK_CAPTURE_AUTORELEASING = YES;
				CLANG_WARN_BOOL_CONVERSION = YES;
				CLANG_WARN_COMMA = YES;
				CLANG_WARN_CONSTANT_CONVERSION = YES;
				CLANG_WARN_DEPRECATED_OBJC_IMPLEMENTATIONS = YES;
				CLANG_WARN_DIRECT_OBJC_ISA_USAGE = YES_ERROR;
				CLANG_WARN_DOCUMENTATION_COMMENTS = YES;
				CLANG_WARN_EMPTY_BODY = YES;
				CLANG_WARN_ENUM_CONVERSION = YES;
				CLANG_WARN_INFINITE_RECURSION = YES;
				CLANG_WARN_INT_CONVERSION = YES;
				CLANG_WARN_NON_LITERAL_NULL_CONVERSION = YES;
				CLANG_WARN_OBJC_IMPLICIT_RETAIN_SELF = YES;
				CLANG_WARN_OBJC_LITERAL_CONVERSION = YES;
				CLANG_WARN_OBJC_ROOT_CLASS = YES_ERROR;
				CLANG_WARN_RANGE_LOOP_ANALYSIS = YES;
				CLANG_WARN_STRICT_PROTOTYPES = YES;
				CLANG_WARN_SUSPICIOUS_MOVE = YES;
				CLANG_WARN_UNGUARDED_AVAILABILITY = YES_AGGRESSIVE;
				CLANG_WARN_UNREACHABLE_CODE = YES;
				CLANG_WARN__DUPLICATE_METHOD_MATCH = YES;
				COPY_PHASE_STRIP = NO;
				DEBUG_INFORMATION_FORMAT = dwarf;
				ENABLE_STRICT_OBJC_MSGSEND = YES;
				ENABLE_TESTABILITY = YES;
				GCC_C_LANGUAGE_STANDARD = gnu11;
				GCC_DYNAMIC_NO_PIC = NO;
				GCC_NO_COMMON_BLOCKS = YES;
				GCC_OPTIMIZATION_LEVEL = 0;
				GCC_PREPROCESSOR_DEFINITIONS = (
					"DEBUG=1",
					"$(inherited)",
				);
				GCC_WARN_64_TO_32_BIT_CONVERSION = YES;
				GCC_WARN_ABOUT_RETURN_TYPE = YES_ERROR;
				GCC_WARN_UNDECLARED_SELECTOR = YES;
				GCC_WARN_UNINITIALIZED_AUTOS = YES_AGGRESSIVE;
				GCC_WARN_UNUSED_FUNCTION = YES;
				GCC_WARN_UNUSED_VARIABLE = YES;
				IPHONEOS_DEPLOYMENT_TARGET = 13.6;
				MTL_ENABLE_DEBUG_INFO = INCLUDE_SOURCE;
				MTL_FAST_MATH = YES;
				ONLY_ACTIVE_ARCH = YES;
				SDKROOT = iphoneos;
				SWIFT_ACTIVE_COMPILATION_CONDITIONS = DEBUG;
				SWIFT_OPTIMIZATION_LEVEL = "-Onone";
			};
			name = Debug;
		};
		C6B546C3251245A900626DA9 /* Release */ = {
			isa = XCBuildConfiguration;
			buildSettings = {
				ALWAYS_SEARCH_USER_PATHS = NO;
				CLANG_ANALYZER_NONNULL = YES;
				CLANG_ANALYZER_NUMBER_OBJECT_CONVERSION = YES_AGGRESSIVE;
				CLANG_CXX_LANGUAGE_STANDARD = "gnu++14";
				CLANG_CXX_LIBRARY = "libc++";
				CLANG_ENABLE_MODULES = YES;
				CLANG_ENABLE_OBJC_ARC = YES;
				CLANG_ENABLE_OBJC_WEAK = YES;
				CLANG_WARN_BLOCK_CAPTURE_AUTORELEASING = YES;
				CLANG_WARN_BOOL_CONVERSION = YES;
				CLANG_WARN_COMMA = YES;
				CLANG_WARN_CONSTANT_CONVERSION = YES;
				CLANG_WARN_DEPRECATED_OBJC_IMPLEMENTATIONS = YES;
				CLANG_WARN_DIRECT_OBJC_ISA_USAGE = YES_ERROR;
				CLANG_WARN_DOCUMENTATION_COMMENTS = YES;
				CLANG_WARN_EMPTY_BODY = YES;
				CLANG_WARN_ENUM_CONVERSION = YES;
				CLANG_WARN_INFINITE_RECURSION = YES;
				CLANG_WARN_INT_CONVERSION = YES;
				CLANG_WARN_NON_LITERAL_NULL_CONVERSION = YES;
				CLANG_WARN_OBJC_IMPLICIT_RETAIN_SELF = YES;
				CLANG_WARN_OBJC_LITERAL_CONVERSION = YES;
				CLANG_WARN_OBJC_ROOT_CLASS = YES_ERROR;
				CLANG_WARN_RANGE_LOOP_ANALYSIS = YES;
				CLANG_WARN_STRICT_PROTOTYPES = YES;
				CLANG_WARN_SUSPICIOUS_MOVE = YES;
				CLANG_WARN_UNGUARDED_AVAILABILITY = YES_AGGRESSIVE;
				CLANG_WARN_UNREACHABLE_CODE = YES;
				CLANG_WARN__DUPLICATE_METHOD_MATCH = YES;
				COPY_PHASE_STRIP = NO;
				DEBUG_INFORMATION_FORMAT = "dwarf-with-dsym";
				ENABLE_NS_ASSERTIONS = NO;
				ENABLE_STRICT_OBJC_MSGSEND = YES;
				GCC_C_LANGUAGE_STANDARD = gnu11;
				GCC_NO_COMMON_BLOCKS = YES;
				GCC_WARN_64_TO_32_BIT_CONVERSION = YES;
				GCC_WARN_ABOUT_RETURN_TYPE = YES_ERROR;
				GCC_WARN_UNDECLARED_SELECTOR = YES;
				GCC_WARN_UNINITIALIZED_AUTOS = YES_AGGRESSIVE;
				GCC_WARN_UNUSED_FUNCTION = YES;
				GCC_WARN_UNUSED_VARIABLE = YES;
				IPHONEOS_DEPLOYMENT_TARGET = 13.6;
				MTL_ENABLE_DEBUG_INFO = NO;
				MTL_FAST_MATH = YES;
				SDKROOT = iphoneos;
				SWIFT_COMPILATION_MODE = wholemodule;
				SWIFT_OPTIMIZATION_LEVEL = "-O";
				VALIDATE_PRODUCT = YES;
			};
			name = Release;
		};
		C6B546C5251245A900626DA9 /* Debug */ = {
			isa = XCBuildConfiguration;
			baseConfigurationReference = FC6737427D35AA723ACCFBB0 /* Pods-test.debug.xcconfig */;
			buildSettings = {
				ASSETCATALOG_COMPILER_APPICON_NAME = AppIcon;
				CODE_SIGN_STYLE = Automatic;
				DEVELOPMENT_TEAM = 8LW7CGBRD9;
				INFOPLIST_FILE = test/Info.plist;
				LD_RUNPATH_SEARCH_PATHS = (
					"$(inherited)",
					"@executable_path/Frameworks",
				);
				PRODUCT_BUNDLE_IDENTIFIER = lucasam.test;
				PRODUCT_NAME = "$(TARGET_NAME)";
				SWIFT_VERSION = 5.0;
				TARGETED_DEVICE_FAMILY = "1,2";
			};
			name = Debug;
		};
		C6B546C6251245A900626DA9 /* Release */ = {
			isa = XCBuildConfiguration;
			baseConfigurationReference = 7C610D769A85983F0E47F248 /* Pods-test.release.xcconfig */;
			buildSettings = {
				ASSETCATALOG_COMPILER_APPICON_NAME = AppIcon;
				CODE_SIGN_STYLE = Automatic;
				DEVELOPMENT_TEAM = 8LW7CGBRD9;
				INFOPLIST_FILE = test/Info.plist;
				LD_RUNPATH_SEARCH_PATHS = (
					"$(inherited)",
					"@executable_path/Frameworks",
				);
				PRODUCT_BUNDLE_IDENTIFIER = lucasam.test;
				PRODUCT_NAME = "$(TARGET_NAME)";
				SWIFT_VERSION = 5.0;
				TARGETED_DEVICE_FAMILY = "1,2";
			};
			name = Release;
		};
		C6B546C8251245A900626DA9 /* Debug */ = {
			isa = XCBuildConfiguration;
			baseConfigurationReference = CE1CB0C620E73F0126FA278F /* Pods-testTests.debug.xcconfig */;
			buildSettings = {
				ALWAYS_EMBED_SWIFT_STANDARD_LIBRARIES = YES;
				BUNDLE_LOADER = "$(TEST_HOST)";
				CODE_SIGN_STYLE = Automatic;
				DEVELOPMENT_TEAM = 8LW7CGBRD9;
				INFOPLIST_FILE = testTests/Info.plist;
				IPHONEOS_DEPLOYMENT_TARGET = 13.6;
				LD_RUNPATH_SEARCH_PATHS = (
					"$(inherited)",
					"@executable_path/Frameworks",
					"@loader_path/Frameworks",
				);
				PRODUCT_BUNDLE_IDENTIFIER = lucasam.testTests;
				PRODUCT_NAME = "$(TARGET_NAME)";
				SWIFT_VERSION = 5.0;
				TARGETED_DEVICE_FAMILY = "1,2";
				TEST_HOST = "$(BUILT_PRODUCTS_DIR)/test.app/test";
			};
			name = Debug;
		};
		C6B546C9251245A900626DA9 /* Release */ = {
			isa = XCBuildConfiguration;
			baseConfigurationReference = 50124E828EA263D056BF418D /* Pods-testTests.release.xcconfig */;
			buildSettings = {
				ALWAYS_EMBED_SWIFT_STANDARD_LIBRARIES = YES;
				BUNDLE_LOADER = "$(TEST_HOST)";
				CODE_SIGN_STYLE = Automatic;
				DEVELOPMENT_TEAM = 8LW7CGBRD9;
				INFOPLIST_FILE = testTests/Info.plist;
				IPHONEOS_DEPLOYMENT_TARGET = 13.6;
				LD_RUNPATH_SEARCH_PATHS = (
					"$(inherited)",
					"@executable_path/Frameworks",
					"@loader_path/Frameworks",
				);
				PRODUCT_BUNDLE_IDENTIFIER = lucasam.testTests;
				PRODUCT_NAME = "$(TARGET_NAME)";
				SWIFT_VERSION = 5.0;
				TARGETED_DEVICE_FAMILY = "1,2";
				TEST_HOST = "$(BUILT_PRODUCTS_DIR)/test.app/test";
			};
			name = Release;
		};
		C6B546CB251245A900626DA9 /* Debug */ = {
			isa = XCBuildConfiguration;
			baseConfigurationReference = 519AE482765574B108C78603 /* Pods-test-testUITests.debug.xcconfig */;
			buildSettings = {
				ALWAYS_EMBED_SWIFT_STANDARD_LIBRARIES = YES;
				CODE_SIGN_STYLE = Automatic;
				DEVELOPMENT_TEAM = 8LW7CGBRD9;
				INFOPLIST_FILE = testUITests/Info.plist;
				LD_RUNPATH_SEARCH_PATHS = (
					"$(inherited)",
					"@executable_path/Frameworks",
					"@loader_path/Frameworks",
				);
				PRODUCT_BUNDLE_IDENTIFIER = lucasam.testUITests;
				PRODUCT_NAME = "$(TARGET_NAME)";
				SWIFT_VERSION = 5.0;
				TARGETED_DEVICE_FAMILY = "1,2";
				TEST_TARGET_NAME = test;
			};
			name = Debug;
		};
		C6B546CC251245A900626DA9 /* Release */ = {
			isa = XCBuildConfiguration;
			baseConfigurationReference = 0DEE1253C74FB7BB1FEF6EA6 /* Pods-test-testUITests.release.xcconfig */;
			buildSettings = {
				ALWAYS_EMBED_SWIFT_STANDARD_LIBRARIES = YES;
				CODE_SIGN_STYLE = Automatic;
				DEVELOPMENT_TEAM = 8LW7CGBRD9;
				INFOPLIST_FILE = testUITests/Info.plist;
				LD_RUNPATH_SEARCH_PATHS = (
					"$(inherited)",
					"@executable_path/Frameworks",
					"@loader_path/Frameworks",
				);
				PRODUCT_BUNDLE_IDENTIFIER = lucasam.testUITests;
				PRODUCT_NAME = "$(TARGET_NAME)";
				SWIFT_VERSION = 5.0;
				TARGETED_DEVICE_FAMILY = "1,2";
				TEST_TARGET_NAME = test;
			};
			name = Release;
		};
/* End XCBuildConfiguration section */

/* Begin XCConfigurationList section */
		C6B54695251245A700626DA9 /* Build configuration list for PBXProject "test" */ = {
			isa = XCConfigurationList;
			buildConfigurations = (
				C6B546C2251245A900626DA9 /* Debug */,
				C6B546C3251245A900626DA9 /* Release */,
			);
			defaultConfigurationIsVisible = 0;
			defaultConfigurationName = Release;
		};
		C6B546C4251245A900626DA9 /* Build configuration list for PBXNativeTarget "test" */ = {
			isa = XCConfigurationList;
			buildConfigurations = (
				C6B546C5251245A900626DA9 /* Debug */,
				C6B546C6251245A900626DA9 /* Release */,
			);
			defaultConfigurationIsVisible = 0;
			defaultConfigurationName = Release;
		};
		C6B546C7251245A900626DA9 /* Build configuration list for PBXNativeTarget "testTests" */ = {
			isa = XCConfigurationList;
			buildConfigurations = (
				C6B546C8251245A900626DA9 /* Debug */,
				C6B546C9251245A900626DA9 /* Release */,
			);
			defaultConfigurationIsVisible = 0;
			defaultConfigurationName = Release;
		};
		C6B546CA251245A900626DA9 /* Build configuration list for PBXNativeTarget "testUITests" */ = {
			isa = XCConfigurationList;
			buildConfigurations = (
				C6B546CB251245A900626DA9 /* Debug */,
				C6B546CC251245A900626DA9 /* Release */,
			);
			defaultConfigurationIsVisible = 0;
			defaultConfigurationName = Release;
		};
/* End XCConfigurationList section */
	};
	rootObject = C6B54692251245A700626DA9 /* Project object */;
}
